
Microsoft Visual Studio Solution File, Format Version 12.00
# Visual Studio 15
VisualStudioVersion = 15.0.28307.757
MinimumVisualStudioVersion = 10.0.40219.1
Project("{FAE04EC0-301F-11D3-BF4B-00C04F79EFBC}") = "_Benchmark", "_Benchmark\_Benchmark.csproj", "{75DA9AC7-4899-4D85-B92E-41A44B1488FB}"
EndProject
Global
	GlobalSection(SolutionConfigurationPlatforms) = preSolution
		Debug|Any CPU = Debug|Any CPU
		Release|Any CPU = Release|Any CPU
	EndGlobalSection
	GlobalSection(ProjectConfigurationPlatforms) = postSolution
		{75DA9AC7-4899-4D85-B92E-41A44B1488FB}.Debug|Any CPU.ActiveCfg = Debug|Any CPU
		{75DA9AC7-4899-4D85-B92E-41A44B1488FB}.Debug|Any CPU.Build.0 = Debug|Any CPU
		{75DA9AC7-4899-4D85-B92E-41A44B1488FB}.Release|Any CPU.ActiveCfg = Release|Any CPU
		{75DA9AC7-4899-4D85-B92E-41A44B1488FB}.Release|Any CPU.Build.0 = Release|Any CPU
	EndGlobalSection
	GlobalSection(SolutionProperties) = preSolution
		HideSolutionNode = FALSE
	EndGlobalSection
	GlobalSection(ExtensibilityGlobals) = postSolution
		SolutionGuid = {EDE9C997-07E7-4C32-A503-5066E9CA2B2E}
	EndGlobalSection
EndGlobal
